// !$*UTF8*$!
{
	archiveVersion = 1;
	classes = {
	};
	objectVersion = 46;
	objects = {

/* Begin PBXBuildFile section */
		2E459DF980B3DAD567F9FC23 /* libPods.a in Frameworks */ = {isa = PBXBuildFile; fileRef = CCAFD70294D39CAD31A5DF90 /* libPods.a */; };
		3C3AAADB15E2850300D3E30B /* GMUserFeedViewController.m in Sources */ = {isa = PBXBuildFile; fileRef = 3C3AAAD915E2850300D3E30B /* GMUserFeedViewController.m */; };
		3C3AAADC15E2850300D3E30B /* GMUserFeedViewController.xib in Resources */ = {isa = PBXBuildFile; fileRef = 3C3AAADA15E2850300D3E30B /* GMUserFeedViewController.xib */; };
		3C41849615DD90D600FD9E12 /* GMLoginViewController.m in Sources */ = {isa = PBXBuildFile; fileRef = 3C41849415DD90D600FD9E12 /* GMLoginViewController.m */; };
		3C41849715DD90D600FD9E12 /* GMLoginViewController.xib in Resources */ = {isa = PBXBuildFile; fileRef = 3C41849515DD90D600FD9E12 /* GMLoginViewController.xib */; };
		3C8A0F2115E41D79009A396F /* GMFeedViewCell.m in Sources */ = {isa = PBXBuildFile; fileRef = 3C8A0F2015E41D79009A396F /* GMFeedViewCell.m */; };
		3C8A0F2515E41E6B009A396F /* GMFeedViewCell.xib in Resources */ = {isa = PBXBuildFile; fileRef = 3C8A0F2415E41E6B009A396F /* GMFeedViewCell.xib */; };
		3CA084E515DBE90D00A7DF27 /* AddressBook.framework in Frameworks */ = {isa = PBXBuildFile; fileRef = 3CA084DF15DBE90D00A7DF27 /* AddressBook.framework */; };
		3CA084E615DBE90D00A7DF27 /* AddressBookUI.framework in Frameworks */ = {isa = PBXBuildFile; fileRef = 3CA084E015DBE90D00A7DF27 /* AddressBookUI.framework */; };
		3CA084E715DBE90D00A7DF27 /* CoreLocation.framework in Frameworks */ = {isa = PBXBuildFile; fileRef = 3CA084E115DBE90D00A7DF27 /* CoreLocation.framework */; };
		3CA084E815DBE90D00A7DF27 /* CoreText.framework in Frameworks */ = {isa = PBXBuildFile; fileRef = 3CA084E215DBE90D00A7DF27 /* CoreText.framework */; };
		3CA084E915DBE90D00A7DF27 /* QuartzCore.framework in Frameworks */ = {isa = PBXBuildFile; fileRef = 3CA084E315DBE90D00A7DF27 /* QuartzCore.framework */; };
		3CA084EA15DBE90D00A7DF27 /* Security.framework in Frameworks */ = {isa = PBXBuildFile; fileRef = 3CA084E415DBE90D00A7DF27 /* Security.framework */; };
		3CEAE71A15DAFD1E00A4F175 /* UIKit.framework in Frameworks */ = {isa = PBXBuildFile; fileRef = 3CEAE71915DAFD1E00A4F175 /* UIKit.framework */; };
		3CEAE71C15DAFD1E00A4F175 /* Foundation.framework in Frameworks */ = {isa = PBXBuildFile; fileRef = 3CEAE71B15DAFD1E00A4F175 /* Foundation.framework */; };
		3CEAE71E15DAFD1E00A4F175 /* CoreGraphics.framework in Frameworks */ = {isa = PBXBuildFile; fileRef = 3CEAE71D15DAFD1E00A4F175 /* CoreGraphics.framework */; };
		3CEAE72415DAFD1E00A4F175 /* InfoPlist.strings in Resources */ = {isa = PBXBuildFile; fileRef = 3CEAE72215DAFD1E00A4F175 /* InfoPlist.strings */; };
		3CEAE72615DAFD1E00A4F175 /* main.m in Sources */ = {isa = PBXBuildFile; fileRef = 3CEAE72515DAFD1E00A4F175 /* main.m */; };
		3CEAE72A15DAFD1E00A4F175 /* GMAppDelegate.m in Sources */ = {isa = PBXBuildFile; fileRef = 3CEAE72915DAFD1E00A4F175 /* GMAppDelegate.m */; };
		FD4D78A71B3EE0D8009208B1 /* Images.xcassets in Resources */ = {isa = PBXBuildFile; fileRef = FD4D78A61B3EE0D8009208B1 /* Images.xcassets */; };
		FD4D78AA1B3EE253009208B1 /* GMSoundCloudHelper.m in Sources */ = {isa = PBXBuildFile; fileRef = FD4D78A91B3EE253009208B1 /* GMSoundCloudHelper.m */; };
		FD4D78AE1B3EEA9C009208B1 /* GMSoundCloudFeedItem.m in Sources */ = {isa = PBXBuildFile; fileRef = FD4D78AD1B3EEA9C009208B1 /* GMSoundCloudFeedItem.m */; };
		FD4D78B11B3EEAAC009208B1 /* GMSoundCloudUser.m in Sources */ = {isa = PBXBuildFile; fileRef = FD4D78B01B3EEAAC009208B1 /* GMSoundCloudUser.m */; };
		FD4D78B31B3F1732009208B1 /* Localizable.strings in Resources */ = {isa = PBXBuildFile; fileRef = FD4D78B21B3F1732009208B1 /* Localizable.strings */; };
/* End PBXBuildFile section */

/* Begin PBXFileReference section */
		246399D35E18B815E8797F98 /* Pods.release.xcconfig */ = {isa = PBXFileReference; includeInIndex = 1; lastKnownFileType = text.xcconfig; name = Pods.release.xcconfig; path = "Pods/Target Support Files/Pods/Pods.release.xcconfig"; sourceTree = "<group>"; };
		3314FB6E2D7FE61F1DAFBF5C /* Pods.debug.xcconfig */ = {isa = PBXFileReference; includeInIndex = 1; lastKnownFileType = text.xcconfig; name = Pods.debug.xcconfig; path = "Pods/Target Support Files/Pods/Pods.debug.xcconfig"; sourceTree = "<group>"; };
		3C3AAAD815E2850300D3E30B /* GMUserFeedViewController.h */ = {isa = PBXFileReference; fileEncoding = 4; lastKnownFileType = sourcecode.c.h; path = GMUserFeedViewController.h; sourceTree = "<group>"; };
		3C3AAAD915E2850300D3E30B /* GMUserFeedViewController.m */ = {isa = PBXFileReference; fileEncoding = 4; lastKnownFileType = sourcecode.c.objc; path = GMUserFeedViewController.m; sourceTree = "<group>"; };
		3C3AAADA15E2850300D3E30B /* GMUserFeedViewController.xib */ = {isa = PBXFileReference; fileEncoding = 4; lastKnownFileType = file.xib; path = GMUserFeedViewController.xib; sourceTree = "<group>"; };
		3C41849315DD90D600FD9E12 /* GMLoginViewController.h */ = {isa = PBXFileReference; fileEncoding = 4; lastKnownFileType = sourcecode.c.h; path = GMLoginViewController.h; sourceTree = "<group>"; };
		3C41849415DD90D600FD9E12 /* GMLoginViewController.m */ = {isa = PBXFileReference; fileEncoding = 4; lastKnownFileType = sourcecode.c.objc; path = GMLoginViewController.m; sourceTree = "<group>"; };
		3C41849515DD90D600FD9E12 /* GMLoginViewController.xib */ = {isa = PBXFileReference; fileEncoding = 4; lastKnownFileType = file.xib; path = GMLoginViewController.xib; sourceTree = "<group>"; };
		3C8A0F1F15E41D79009A396F /* GMFeedViewCell.h */ = {isa = PBXFileReference; fileEncoding = 4; lastKnownFileType = sourcecode.c.h; path = GMFeedViewCell.h; sourceTree = "<group>"; };
		3C8A0F2015E41D79009A396F /* GMFeedViewCell.m */ = {isa = PBXFileReference; fileEncoding = 4; lastKnownFileType = sourcecode.c.objc; path = GMFeedViewCell.m; sourceTree = "<group>"; };
		3C8A0F2415E41E6B009A396F /* GMFeedViewCell.xib */ = {isa = PBXFileReference; fileEncoding = 4; lastKnownFileType = file.xib; path = GMFeedViewCell.xib; sourceTree = "<group>"; };
		3CA084DF15DBE90D00A7DF27 /* AddressBook.framework */ = {isa = PBXFileReference; lastKnownFileType = wrapper.framework; name = AddressBook.framework; path = System/Library/Frameworks/AddressBook.framework; sourceTree = SDKROOT; };
		3CA084E015DBE90D00A7DF27 /* AddressBookUI.framework */ = {isa = PBXFileReference; lastKnownFileType = wrapper.framework; name = AddressBookUI.framework; path = System/Library/Frameworks/AddressBookUI.framework; sourceTree = SDKROOT; };
		3CA084E115DBE90D00A7DF27 /* CoreLocation.framework */ = {isa = PBXFileReference; lastKnownFileType = wrapper.framework; name = CoreLocation.framework; path = System/Library/Frameworks/CoreLocation.framework; sourceTree = SDKROOT; };
		3CA084E215DBE90D00A7DF27 /* CoreText.framework */ = {isa = PBXFileReference; lastKnownFileType = wrapper.framework; name = CoreText.framework; path = System/Library/Frameworks/CoreText.framework; sourceTree = SDKROOT; };
		3CA084E315DBE90D00A7DF27 /* QuartzCore.framework */ = {isa = PBXFileReference; lastKnownFileType = wrapper.framework; name = QuartzCore.framework; path = System/Library/Frameworks/QuartzCore.framework; sourceTree = SDKROOT; };
		3CA084E415DBE90D00A7DF27 /* Security.framework */ = {isa = PBXFileReference; lastKnownFileType = wrapper.framework; name = Security.framework; path = System/Library/Frameworks/Security.framework; sourceTree = SDKROOT; };
		3CD807B415DBF49F00E46B03 /* libOAuth2Client.a */ = {isa = PBXFileReference; lastKnownFileType = archive.ar; name = libOAuth2Client.a; path = "../OAuth2Client/build/Release-iphoneos/libOAuth2Client.a"; sourceTree = "<group>"; };
		3CD807B515DBF49F00E46B03 /* libSoundCloudAPI.a */ = {isa = PBXFileReference; lastKnownFileType = archive.ar; name = libSoundCloudAPI.a; path = "../CocoaSoundCloudAPI/build/Release-iphoneos/libSoundCloudAPI.a"; sourceTree = "<group>"; };
		3CEAE71515DAFD1E00A4F175 /* SoundCloudDemo.app */ = {isa = PBXFileReference; explicitFileType = wrapper.application; includeInIndex = 0; path = SoundCloudDemo.app; sourceTree = BUILT_PRODUCTS_DIR; };
		3CEAE71915DAFD1E00A4F175 /* UIKit.framework */ = {isa = PBXFileReference; lastKnownFileType = wrapper.framework; name = UIKit.framework; path = System/Library/Frameworks/UIKit.framework; sourceTree = SDKROOT; };
		3CEAE71B15DAFD1E00A4F175 /* Foundation.framework */ = {isa = PBXFileReference; lastKnownFileType = wrapper.framework; name = Foundation.framework; path = System/Library/Frameworks/Foundation.framework; sourceTree = SDKROOT; };
		3CEAE71D15DAFD1E00A4F175 /* CoreGraphics.framework */ = {isa = PBXFileReference; lastKnownFileType = wrapper.framework; name = CoreGraphics.framework; path = System/Library/Frameworks/CoreGraphics.framework; sourceTree = SDKROOT; };
		3CEAE72115DAFD1E00A4F175 /* SoundCloudDemo-Info.plist */ = {isa = PBXFileReference; lastKnownFileType = text.plist.xml; path = "SoundCloudDemo-Info.plist"; sourceTree = "<group>"; };
		3CEAE72315DAFD1E00A4F175 /* en */ = {isa = PBXFileReference; lastKnownFileType = text.plist.strings; name = en; path = en.lproj/InfoPlist.strings; sourceTree = "<group>"; };
		3CEAE72515DAFD1E00A4F175 /* main.m */ = {isa = PBXFileReference; lastKnownFileType = sourcecode.c.objc; path = main.m; sourceTree = "<group>"; };
		3CEAE72715DAFD1E00A4F175 /* SoundCloudDemo-Prefix.pch */ = {isa = PBXFileReference; lastKnownFileType = sourcecode.c.h; path = "SoundCloudDemo-Prefix.pch"; sourceTree = "<group>"; };
		3CEAE72815DAFD1E00A4F175 /* GMAppDelegate.h */ = {isa = PBXFileReference; lastKnownFileType = sourcecode.c.h; path = GMAppDelegate.h; sourceTree = "<group>"; };
		3CEAE72915DAFD1E00A4F175 /* GMAppDelegate.m */ = {isa = PBXFileReference; lastKnownFileType = sourcecode.c.objc; path = GMAppDelegate.m; sourceTree = "<group>"; };
		CCAFD70294D39CAD31A5DF90 /* libPods.a */ = {isa = PBXFileReference; explicitFileType = archive.ar; includeInIndex = 0; path = libPods.a; sourceTree = BUILT_PRODUCTS_DIR; };
		FD4D78A61B3EE0D8009208B1 /* Images.xcassets */ = {isa = PBXFileReference; lastKnownFileType = folder.assetcatalog; path = Images.xcassets; sourceTree = "<group>"; };
		FD4D78A81B3EE253009208B1 /* GMSoundCloudHelper.h */ = {isa = PBXFileReference; fileEncoding = 4; lastKnownFileType = sourcecode.c.h; path = GMSoundCloudHelper.h; sourceTree = "<group>"; };
		FD4D78A91B3EE253009208B1 /* GMSoundCloudHelper.m */ = {isa = PBXFileReference; fileEncoding = 4; lastKnownFileType = sourcecode.c.objc; path = GMSoundCloudHelper.m; sourceTree = "<group>"; };
		FD4D78AC1B3EEA9C009208B1 /* GMSoundCloudFeedItem.h */ = {isa = PBXFileReference; fileEncoding = 4; lastKnownFileType = sourcecode.c.h; path = GMSoundCloudFeedItem.h; sourceTree = "<group>"; };
		FD4D78AD1B3EEA9C009208B1 /* GMSoundCloudFeedItem.m */ = {isa = PBXFileReference; fileEncoding = 4; lastKnownFileType = sourcecode.c.objc; path = GMSoundCloudFeedItem.m; sourceTree = "<group>"; };
		FD4D78AF1B3EEAAC009208B1 /* GMSoundCloudUser.h */ = {isa = PBXFileReference; fileEncoding = 4; lastKnownFileType = sourcecode.c.h; path = GMSoundCloudUser.h; sourceTree = "<group>"; };
		FD4D78B01B3EEAAC009208B1 /* GMSoundCloudUser.m */ = {isa = PBXFileReference; fileEncoding = 4; lastKnownFileType = sourcecode.c.objc; path = GMSoundCloudUser.m; sourceTree = "<group>"; };
		FD4D78B21B3F1732009208B1 /* Localizable.strings */ = {isa = PBXFileReference; fileEncoding = 4; lastKnownFileType = text.plist.strings; path = Localizable.strings; sourceTree = "<group>"; };
/* End PBXFileReference section */

/* Begin PBXFrameworksBuildPhase section */
		3CEAE71215DAFD1E00A4F175 /* Frameworks */ = {
			isa = PBXFrameworksBuildPhase;
			buildActionMask = 2147483647;
			files = (
				3CA084E515DBE90D00A7DF27 /* AddressBook.framework in Frameworks */,
				3CA084E615DBE90D00A7DF27 /* AddressBookUI.framework in Frameworks */,
				3CA084E715DBE90D00A7DF27 /* CoreLocation.framework in Frameworks */,
				3CA084E815DBE90D00A7DF27 /* CoreText.framework in Frameworks */,
				3CA084E915DBE90D00A7DF27 /* QuartzCore.framework in Frameworks */,
				3CA084EA15DBE90D00A7DF27 /* Security.framework in Frameworks */,
				3CEAE71E15DAFD1E00A4F175 /* CoreGraphics.framework in Frameworks */,
				3CEAE71A15DAFD1E00A4F175 /* UIKit.framework in Frameworks */,
				3CEAE71C15DAFD1E00A4F175 /* Foundation.framework in Frameworks */,
				2E459DF980B3DAD567F9FC23 /* libPods.a in Frameworks */,
			);
			runOnlyForDeploymentPostprocessing = 0;
		};
/* End PBXFrameworksBuildPhase section */

/* Begin PBXGroup section */
		35CE57F74D5D35B4ACF41D7C /* Pods */ = {
			isa = PBXGroup;
			children = (
				3314FB6E2D7FE61F1DAFBF5C /* Pods.debug.xcconfig */,
				246399D35E18B815E8797F98 /* Pods.release.xcconfig */,
			);
			name = Pods;
			sourceTree = "<group>";
		};
		3CC0428315DDA40A0085AC1B /* Resources */ = {
			isa = PBXGroup;
			children = (
				FD4D78A51B3ED2FA009208B1 /* Images */,
			);
			name = Resources;
			sourceTree = "<group>";
		};
		3CEAE70A15DAFD1D00A4F175 = {
			isa = PBXGroup;
			children = (
				3CEAE71F15DAFD1E00A4F175 /* SoundCloudDemo */,
				3CEAE71815DAFD1E00A4F175 /* Frameworks */,
				3CEAE71615DAFD1E00A4F175 /* Products */,
				35CE57F74D5D35B4ACF41D7C /* Pods */,
			);
			sourceTree = "<group>";
		};
		3CEAE71615DAFD1E00A4F175 /* Products */ = {
			isa = PBXGroup;
			children = (
				3CEAE71515DAFD1E00A4F175 /* SoundCloudDemo.app */,
			);
			name = Products;
			sourceTree = "<group>";
		};
		3CEAE71815DAFD1E00A4F175 /* Frameworks */ = {
			isa = PBXGroup;
			children = (
				3CD807B415DBF49F00E46B03 /* libOAuth2Client.a */,
				3CD807B515DBF49F00E46B03 /* libSoundCloudAPI.a */,
				3CA084DF15DBE90D00A7DF27 /* AddressBook.framework */,
				3CA084E015DBE90D00A7DF27 /* AddressBookUI.framework */,
				3CA084E115DBE90D00A7DF27 /* CoreLocation.framework */,
				3CA084E215DBE90D00A7DF27 /* CoreText.framework */,
				3CA084E315DBE90D00A7DF27 /* QuartzCore.framework */,
				3CA084E415DBE90D00A7DF27 /* Security.framework */,
				3CEAE71915DAFD1E00A4F175 /* UIKit.framework */,
				3CEAE71B15DAFD1E00A4F175 /* Foundation.framework */,
				3CEAE71D15DAFD1E00A4F175 /* CoreGraphics.framework */,
				CCAFD70294D39CAD31A5DF90 /* libPods.a */,
			);
			name = Frameworks;
			sourceTree = "<group>";
		};
		3CEAE71F15DAFD1E00A4F175 /* SoundCloudDemo */ = {
			isa = PBXGroup;
			children = (
				FD4D78AB1B3EEA9C009208B1 /* Model */,
				3CEAE72815DAFD1E00A4F175 /* GMAppDelegate.h */,
				3CEAE72915DAFD1E00A4F175 /* GMAppDelegate.m */,
				3C8A0F1F15E41D79009A396F /* GMFeedViewCell.h */,
				3C8A0F2015E41D79009A396F /* GMFeedViewCell.m */,
				3C8A0F2415E41E6B009A396F /* GMFeedViewCell.xib */,
				3C41849315DD90D600FD9E12 /* GMLoginViewController.h */,
				3C41849415DD90D600FD9E12 /* GMLoginViewController.m */,
				3C41849515DD90D600FD9E12 /* GMLoginViewController.xib */,
				FD4D78A81B3EE253009208B1 /* GMSoundCloudHelper.h */,
				FD4D78A91B3EE253009208B1 /* GMSoundCloudHelper.m */,
				3C3AAAD815E2850300D3E30B /* GMUserFeedViewController.h */,
				3C3AAAD915E2850300D3E30B /* GMUserFeedViewController.m */,
				3C3AAADA15E2850300D3E30B /* GMUserFeedViewController.xib */,
				FD4D78A61B3EE0D8009208B1 /* Images.xcassets */,
				3CC0428315DDA40A0085AC1B /* Resources */,
				3CEAE72015DAFD1E00A4F175 /* Supporting Files */,
			);
			path = SoundCloudDemo;
			sourceTree = "<group>";
		};
		3CEAE72015DAFD1E00A4F175 /* Supporting Files */ = {
			isa = PBXGroup;
			children = (
				FD4D78B21B3F1732009208B1 /* Localizable.strings */,
				3CEAE72115DAFD1E00A4F175 /* SoundCloudDemo-Info.plist */,
				3CEAE72215DAFD1E00A4F175 /* InfoPlist.strings */,
				3CEAE72515DAFD1E00A4F175 /* main.m */,
				3CEAE72715DAFD1E00A4F175 /* SoundCloudDemo-Prefix.pch */,
			);
			name = "Supporting Files";
			sourceTree = "<group>";
		};
		FD4D78A51B3ED2FA009208B1 /* Images */ = {
			isa = PBXGroup;
			children = (
			);
			name = Images;
			sourceTree = "<group>";
		};
		FD4D78AB1B3EEA9C009208B1 /* Model */ = {
			isa = PBXGroup;
			children = (
				FD4D78AC1B3EEA9C009208B1 /* GMSoundCloudFeedItem.h */,
				FD4D78AD1B3EEA9C009208B1 /* GMSoundCloudFeedItem.m */,
				FD4D78AF1B3EEAAC009208B1 /* GMSoundCloudUser.h */,
				FD4D78B01B3EEAAC009208B1 /* GMSoundCloudUser.m */,
			);
			path = Model;
			sourceTree = "<group>";
		};
/* End PBXGroup section */

/* Begin PBXNativeTarget section */
		3CEAE71415DAFD1E00A4F175 /* SoundCloudDemo */ = {
			isa = PBXNativeTarget;
			buildConfigurationList = 3CEAE72D15DAFD1E00A4F175 /* Build configuration list for PBXNativeTarget "SoundCloudDemo" */;
			buildPhases = (
				8B39C7DAC2AE8961B4EFDDE8 /* Check Pods Manifest.lock */,
				3CEAE71115DAFD1E00A4F175 /* Sources */,
				3CEAE71215DAFD1E00A4F175 /* Frameworks */,
				3CEAE71315DAFD1E00A4F175 /* Resources */,
				32A98A837BF2F40D53CDE9A3 /* Copy Pods Resources */,
			);
			buildRules = (
			);
			dependencies = (
			);
			name = SoundCloudDemo;
			productName = SoundCloudDemo;
			productReference = 3CEAE71515DAFD1E00A4F175 /* SoundCloudDemo.app */;
			productType = "com.apple.product-type.application";
		};
/* End PBXNativeTarget section */

/* Begin PBXProject section */
		3CEAE70C15DAFD1D00A4F175 /* Project object */ = {
			isa = PBXProject;
			attributes = {
				CLASSPREFIX = GM;
				LastUpgradeCheck = 0630;
				ORGANIZATIONNAME = "Ian Guedes Maia";
			};
			buildConfigurationList = 3CEAE70F15DAFD1D00A4F175 /* Build configuration list for PBXProject "SoundCloudDemo" */;
			compatibilityVersion = "Xcode 3.2";
			developmentRegion = English;
			hasScannedForEncodings = 0;
			knownRegions = (
				en,
			);
			mainGroup = 3CEAE70A15DAFD1D00A4F175;
			productRefGroup = 3CEAE71615DAFD1E00A4F175 /* Products */;
			projectDirPath = "";
			projectRoot = "";
			targets = (
				3CEAE71415DAFD1E00A4F175 /* SoundCloudDemo */,
			);
		};
/* End PBXProject section */

/* Begin PBXResourcesBuildPhase section */
		3CEAE71315DAFD1E00A4F175 /* Resources */ = {
			isa = PBXResourcesBuildPhase;
			buildActionMask = 2147483647;
			files = (
				3CEAE72415DAFD1E00A4F175 /* InfoPlist.strings in Resources */,
				FD4D78B31B3F1732009208B1 /* Localizable.strings in Resources */,
				FD4D78A71B3EE0D8009208B1 /* Images.xcassets in Resources */,
				3C41849715DD90D600FD9E12 /* GMLoginViewController.xib in Resources */,
				3C3AAADC15E2850300D3E30B /* GMUserFeedViewController.xib in Resources */,
				3C8A0F2515E41E6B009A396F /* GMFeedViewCell.xib in Resources */,
			);
			runOnlyForDeploymentPostprocessing = 0;
		};
/* End PBXResourcesBuildPhase section */

/* Begin PBXShellScriptBuildPhase section */
		32A98A837BF2F40D53CDE9A3 /* Copy Pods Resources */ = {
			isa = PBXShellScriptBuildPhase;
			buildActionMask = 2147483647;
			files = (
			);
			inputPaths = (
			);
			name = "Copy Pods Resources";
			outputPaths = (
			);
			runOnlyForDeploymentPostprocessing = 0;
			shellPath = /bin/sh;
			shellScript = "\"${SRCROOT}/Pods/Target Support Files/Pods/Pods-resources.sh\"\n";
			showEnvVarsInLog = 0;
		};
		8B39C7DAC2AE8961B4EFDDE8 /* Check Pods Manifest.lock */ = {
			isa = PBXShellScriptBuildPhase;
			buildActionMask = 2147483647;
			files = (
			);
			inputPaths = (
			);
			name = "Check Pods Manifest.lock";
			outputPaths = (
			);
			runOnlyForDeploymentPostprocessing = 0;
			shellPath = /bin/sh;
			shellScript = "diff \"${PODS_ROOT}/../Podfile.lock\" \"${PODS_ROOT}/Manifest.lock\" > /dev/null\nif [[ $? != 0 ]] ; then\n    cat << EOM\nerror: The sandbox is not in sync with the Podfile.lock. Run 'pod install' or update your CocoaPods installation.\nEOM\n    exit 1\nfi\n";
			showEnvVarsInLog = 0;
		};
/* End PBXShellScriptBuildPhase section */

/* Begin PBXSourcesBuildPhase section */
		3CEAE71115DAFD1E00A4F175 /* Sources */ = {
			isa = PBXSourcesBuildPhase;
			buildActionMask = 2147483647;
			files = (
				FD4D78B11B3EEAAC009208B1 /* GMSoundCloudUser.m in Sources */,
				3CEAE72615DAFD1E00A4F175 /* main.m in Sources */,
				FD4D78AE1B3EEA9C009208B1 /* GMSoundCloudFeedItem.m in Sources */,
				FD4D78AA1B3EE253009208B1 /* GMSoundCloudHelper.m in Sources */,
				3CEAE72A15DAFD1E00A4F175 /* GMAppDelegate.m in Sources */,
				3C41849615DD90D600FD9E12 /* GMLoginViewController.m in Sources */,
				3C3AAADB15E2850300D3E30B /* GMUserFeedViewController.m in Sources */,
				3C8A0F2115E41D79009A396F /* GMFeedViewCell.m in Sources */,
			);
			runOnlyForDeploymentPostprocessing = 0;
		};
/* End PBXSourcesBuildPhase section */

/* Begin PBXVariantGroup section */
		3CEAE72215DAFD1E00A4F175 /* InfoPlist.strings */ = {
			isa = PBXVariantGroup;
			children = (
				3CEAE72315DAFD1E00A4F175 /* en */,
			);
			name = InfoPlist.strings;
			sourceTree = "<group>";
		};
/* End PBXVariantGroup section */

/* Begin XCBuildConfiguration section */
		3CEAE72B15DAFD1E00A4F175 /* Debug */ = {
			isa = XCBuildConfiguration;
			buildSettings = {
				ALWAYS_SEARCH_USER_PATHS = YES;
				CLANG_CXX_LANGUAGE_STANDARD = "gnu++0x";
				CLANG_ENABLE_OBJC_ARC = YES;
				CLANG_WARN_BOOL_CONVERSION = YES;
				CLANG_WARN_CONSTANT_CONVERSION = YES;
				CLANG_WARN_EMPTY_BODY = YES;
				CLANG_WARN_ENUM_CONVERSION = YES;
				CLANG_WARN_INT_CONVERSION = YES;
				CLANG_WARN_UNREACHABLE_CODE = YES;
				CLANG_WARN__DUPLICATE_METHOD_MATCH = YES;
				"CODE_SIGN_IDENTITY[sdk=iphoneos*]" = "iPhone Developer";
				COPY_PHASE_STRIP = NO;
				ENABLE_STRICT_OBJC_MSGSEND = YES;
				GCC_C_LANGUAGE_STANDARD = gnu99;
				GCC_DYNAMIC_NO_PIC = NO;
				GCC_NO_COMMON_BLOCKS = YES;
				GCC_OPTIMIZATION_LEVEL = 0;
				GCC_PREPROCESSOR_DEFINITIONS = (
					"DEBUG=1",
					"$(inherited)",
				);
				GCC_SYMBOLS_PRIVATE_EXTERN = NO;
				GCC_VERSION = com.apple.compilers.llvm.clang.1_0;
				GCC_WARN_64_TO_32_BIT_CONVERSION = YES;
				GCC_WARN_ABOUT_RETURN_TYPE = YES;
				GCC_WARN_UNDECLARED_SELECTOR = YES;
				GCC_WARN_UNINITIALIZED_AUTOS = YES;
				GCC_WARN_UNUSED_FUNCTION = YES;
				GCC_WARN_UNUSED_VARIABLE = YES;
				IPHONEOS_DEPLOYMENT_TARGET = 8.3;
				ONLY_ACTIVE_ARCH = YES;
				OTHER_LDFLAGS = (
					"-all_load",
					"-ObjC",
				);
				SDKROOT = iphoneos;
				TARGETED_DEVICE_FAMILY = "1,2";
			};
			name = Debug;
		};
		3CEAE72C15DAFD1E00A4F175 /* Release */ = {
			isa = XCBuildConfiguration;
			buildSettings = {
				ALWAYS_SEARCH_USER_PATHS = YES;
				CLANG_CXX_LANGUAGE_STANDARD = "gnu++0x";
				CLANG_ENABLE_OBJC_ARC = YES;
				CLANG_WARN_BOOL_CONVERSION = YES;
				CLANG_WARN_CONSTANT_CONVERSION = YES;
				CLANG_WARN_EMPTY_BODY = YES;
				CLANG_WARN_ENUM_CONVERSION = YES;
				CLANG_WARN_INT_CONVERSION = YES;
				CLANG_WARN_UNREACHABLE_CODE = YES;
				CLANG_WARN__DUPLICATE_METHOD_MATCH = YES;
				"CODE_SIGN_IDENTITY[sdk=iphoneos*]" = "iPhone Developer";
				COPY_PHASE_STRIP = YES;
				ENABLE_STRICT_OBJC_MSGSEND = YES;
				GCC_C_LANGUAGE_STANDARD = gnu99;
				GCC_NO_COMMON_BLOCKS = YES;
				GCC_VERSION = com.apple.compilers.llvm.clang.1_0;
				GCC_WARN_64_TO_32_BIT_CONVERSION = YES;
				GCC_WARN_ABOUT_RETURN_TYPE = YES;
				GCC_WARN_UNDECLARED_SELECTOR = YES;
				GCC_WARN_UNINITIALIZED_AUTOS = YES;
				GCC_WARN_UNUSED_FUNCTION = YES;
				GCC_WARN_UNUSED_VARIABLE = YES;
				IPHONEOS_DEPLOYMENT_TARGET = 8.3;
				OTHER_CFLAGS = "-DNS_BLOCK_ASSERTIONS=1";
				OTHER_LDFLAGS = (
					"-all_load",
					"-ObjC",
				);
				SDKROOT = iphoneos;
				TARGETED_DEVICE_FAMILY = "1,2";
				VALIDATE_PRODUCT = YES;
			};
			name = Release;
		};
		3CEAE72E15DAFD1E00A4F175 /* Debug */ = {
			isa = XCBuildConfiguration;
			baseConfigurationReference = 3314FB6E2D7FE61F1DAFBF5C /* Pods.debug.xcconfig */;
			buildSettings = {
				ALWAYS_SEARCH_USER_PATHS = YES;
				ASSETCATALOG_COMPILER_APPICON_NAME = AppIcon;
				ASSETCATALOG_COMPILER_LAUNCHIMAGE_NAME = LaunchImage;
				GCC_PRECOMPILE_PREFIX_HEADER = YES;
				GCC_PREFIX_HEADER = "SoundCloudDemo/SoundCloudDemo-Prefix.pch";
				INFOPLIST_FILE = "SoundCloudDemo/SoundCloudDemo-Info.plist";
				IPHONEOS_DEPLOYMENT_TARGET = 8.3;
				PRODUCT_NAME = "$(TARGET_NAME)";
				TARGETED_DEVICE_FAMILY = 1;
				WRAPPER_EXTENSION = app;
			};
			name = Debug;
		};
		3CEAE72F15DAFD1E00A4F175 /* Release */ = {
			isa = XCBuildConfiguration;
			baseConfigurationReference = 246399D35E18B815E8797F98 /* Pods.release.xcconfig */;
			buildSettings = {
				ALWAYS_SEARCH_USER_PATHS = YES;
				ASSETCATALOG_COMPILER_APPICON_NAME = AppIcon;
				ASSETCATALOG_COMPILER_LAUNCHIMAGE_NAME = LaunchImage;
				GCC_PRECOMPILE_PREFIX_HEADER = YES;
				GCC_PREFIX_HEADER = "SoundCloudDemo/SoundCloudDemo-Prefix.pch";
				INFOPLIST_FILE = "SoundCloudDemo/SoundCloudDemo-Info.plist";
				IPHONEOS_DEPLOYMENT_TARGET = 8.3;
				PRODUCT_NAME = "$(TARGET_NAME)";
				TARGETED_DEVICE_FAMILY = 1;
				WRAPPER_EXTENSION = app;
			};
			name = Release;
		};
/* End XCBuildConfiguration section */

/* Begin XCConfigurationList section */
		3CEAE70F15DAFD1D00A4F175 /* Build configuration list for PBXProject "SoundCloudDemo" */ = {
			isa = XCConfigurationList;
			buildConfigurations = (
				3CEAE72B15DAFD1E00A4F175 /* Debug */,
				3CEAE72C15DAFD1E00A4F175 /* Release */,
			);
			defaultConfigurationIsVisible = 0;
			defaultConfigurationName = Release;
		};
		3CEAE72D15DAFD1E00A4F175 /* Build configuration list for PBXNativeTarget "SoundCloudDemo" */ = {
			isa = XCConfigurationList;
			buildConfigurations = (
				3CEAE72E15DAFD1E00A4F175 /* Debug */,
				3CEAE72F15DAFD1E00A4F175 /* Release */,
			);
			defaultConfigurationIsVisible = 0;
			defaultConfigurationName = Release;
		};
/* End XCConfigurationList section */
	};
	rootObject = 3CEAE70C15DAFD1D00A4F175 /* Project object */;
}
